
Microsoft Visual Studio Solution File, Format Version 12.00
# Visual Studio Version 17
VisualStudioVersion = 17.3.32825.248
MinimumVisualStudioVersion = 10.0.40219.1
Project("{FAE04EC0-301F-11D3-BF4B-00C04F79EFBC}") = "Framework", "Framework\Framework.csproj", "{DA5C2E74-7010-4054-80A9-85FD6B45879F}"
EndProject
Project("{FAE04EC0-301F-11D3-BF4B-00C04F79EFBC}") = "Test", "Test\Test.csproj", "{39BF64EB-B05A-4990-95D1-BC1FE777EEAC}"
EndProject
Global
	GlobalSection(SolutionConfigurationPlatforms) = preSolution
		Debug|Any CPU = Debug|Any CPU
		Release|Any CPU = Release|Any CPU
	EndGlobalSection
	GlobalSection(ProjectConfigurationPlatforms) = postSolution
		{DA5C2E74-7010-4054-80A9-85FD6B45879F}.Debug|Any CPU.ActiveCfg = Debug|Any CPU
		{DA5C2E74-7010-4054-80A9-85FD6B45879F}.Debug|Any CPU.Build.0 = Debug|Any CPU
		{DA5C2E74-7010-4054-80A9-85FD6B45879F}.Release|Any CPU.ActiveCfg = Release|Any CPU
		{DA5C2E74-7010-4054-80A9-85FD6B45879F}.Release|Any CPU.Build.0 = Release|Any CPU
		{39BF64EB-B05A-4990-95D1-BC1FE777EEAC}.Debug|Any CPU.ActiveCfg = Debug|Any CPU
		{39BF64EB-B05A-4990-95D1-BC1FE777EEAC}.Debug|Any CPU.Build.0 = Debug|Any CPU
		{39BF64EB-B05A-4990-95D1-BC1FE777EEAC}.Release|Any CPU.ActiveCfg = Release|Any CPU
		{39BF64EB-B05A-4990-95D1-BC1FE777EEAC}.Release|Any CPU.Build.0 = Release|Any CPU
	EndGlobalSection
	GlobalSection(SolutionProperties) = preSolution
		HideSolutionNode = FALSE
	EndGlobalSection
	GlobalSection(ExtensibilityGlobals) = postSolution
		SolutionGuid = {E85B136E-3741-4C60-9A1B-D7A7A895BC67}
	EndGlobalSection
EndGlobal
